
Microsoft Visual Studio Solution File, Format Version 12.00
Project("{FAE04EC0-301F-11D3-BF4B-00C04F79EFBC}") = "GaussianElimination.Lib", "GaussianElimination.Lib\GaussianElimination.Lib.csproj", "{5B736C40-0016-4F70-A4CC-CBE159BD60F0}"
EndProject
Project("{FAE04EC0-301F-11D3-BF4B-00C04F79EFBC}") = "GaussianElimination.ConsoleApp", "GaussianElimination.ConsoleApp\GaussianElimination.ConsoleApp.csproj", "{DCD31CB8-2620-4CF8-93E3-6553B9882988}"
EndProject
Global
	GlobalSection(SolutionConfigurationPlatforms) = preSolution
		Debug|Any CPU = Debug|Any CPU
		Release|Any CPU = Release|Any CPU
	EndGlobalSection
	GlobalSection(ProjectConfigurationPlatforms) = postSolution
		{5B736C40-0016-4F70-A4CC-CBE159BD60F0}.Debug|Any CPU.ActiveCfg = Debug|Any CPU
		{5B736C40-0016-4F70-A4CC-CBE159BD60F0}.Debug|Any CPU.Build.0 = Debug|Any CPU
		{5B736C40-0016-4F70-A4CC-CBE159BD60F0}.Release|Any CPU.ActiveCfg = Release|Any CPU
		{5B736C40-0016-4F70-A4CC-CBE159BD60F0}.Release|Any CPU.Build.0 = Release|Any CPU
		{DCD31CB8-2620-4CF8-93E3-6553B9882988}.Debug|Any CPU.ActiveCfg = Debug|Any CPU
		{DCD31CB8-2620-4CF8-93E3-6553B9882988}.Debug|Any CPU.Build.0 = Debug|Any CPU
		{DCD31CB8-2620-4CF8-93E3-6553B9882988}.Release|Any CPU.ActiveCfg = Release|Any CPU
		{DCD31CB8-2620-4CF8-93E3-6553B9882988}.Release|Any CPU.Build.0 = Release|Any CPU
	EndGlobalSection
EndGlobal
